
Microsoft Visual Studio Solution File, Format Version 12.00
# Visual Studio Version 17
VisualStudioVersion = 17.7.34221.43
MinimumVisualStudioVersion = 10.0.40219.1
Project("{FAE04EC0-301F-11D3-BF4B-00C04F79EFBC}") = "ContactPro", "ContactPro.csproj", "{65806185-3A72-4155-89DF-AA62EFB9D8C9}"
EndProject
Global
	GlobalSection(SolutionConfigurationPlatforms) = preSolution
		Debug|Any CPU = Debug|Any CPU
		Release|Any CPU = Release|Any CPU
	EndGlobalSection
	GlobalSection(ProjectConfigurationPlatforms) = postSolution
		{65806185-3A72-4155-89DF-AA62EFB9D8C9}.Debug|Any CPU.ActiveCfg = Debug|Any CPU
		{65806185-3A72-4155-89DF-AA62EFB9D8C9}.Debug|Any CPU.Build.0 = Debug|Any CPU
		{65806185-3A72-4155-89DF-AA62EFB9D8C9}.Release|Any CPU.ActiveCfg = Release|Any CPU
		{65806185-3A72-4155-89DF-AA62EFB9D8C9}.Release|Any CPU.Build.0 = Release|Any CPU
	EndGlobalSection
	GlobalSection(SolutionProperties) = preSolution
		HideSolutionNode = FALSE
	EndGlobalSection
	GlobalSection(ExtensibilityGlobals) = postSolution
		SolutionGuid = {65B39A52-4C86-412D-8ED5-B1AF09322753}
	EndGlobalSection
EndGlobal
